
Microsoft Visual Studio Solution File, Format Version 12.00
# Visual Studio 14
VisualStudioVersion = 14.0.25420.1
MinimumVisualStudioVersion = 10.0.40219.1
Project("{8BC9CEB8-8B4A-11D0-8D11-00A0C91BC942}") = "Accumulators_example", "..\..\libs\accumulators\example\example.vcxproj", "{57D2AB8B-8CBB-4B28-921E-C6916109B843}"
EndProject
Project("{2150E333-8FDC-42A3-9474-1A3956D46DE8}") = "Math and numerics", "Math and numerics", "{FDBF2058-FBA3-400C-84EF-5B38163CDBD6}"
EndProject
Project("{2150E333-8FDC-42A3-9474-1A3956D46DE8}") = "Programming Interfaces", "Programming Interfaces", "{EB9C2368-BA8A-4F3F-856A-DF3F8EC9A259}"
EndProject
Project("{8BC9CEB8-8B4A-11D0-8D11-00A0C91BC942}") = "function_example", "..\..\libs\function\example\function_example.vcxproj", "{6439AD4E-45B1-4DB4-842A-2EEF06B1768E}"
EndProject
Project("{8BC9CEB8-8B4A-11D0-8D11-00A0C91BC942}") = "function_test", "..\..\libs\function\test\function_test.vcxproj", "{E70326DB-58C5-44E0-89B8-6B7A300C78BE}"
EndProject
Project("{2150E333-8FDC-42A3-9474-1A3956D46DE8}") = "State Machines", "State Machines", "{CDB585E6-D8B1-4341-A7C6-F97B06A7FB65}"
EndProject
Project("{8BC9CEB8-8B4A-11D0-8D11-00A0C91BC942}") = "msm_examples", "..\..\libs\msm\example\msm_examples.vcxproj", "{E2A00BD5-969E-4A61-A821-C8CC1F4C670F}"
EndProject
Project("{8BC9CEB8-8B4A-11D0-8D11-00A0C91BC942}") = "msm_test", "..\..\libs\msm\test\msm_test.vcxproj", "{A761611D-C971-4819-A4D0-9F985DACCB06}"
EndProject
Project("{2150E333-8FDC-42A3-9474-1A3956D46DE8}") = "String and text processing", "String and text processing", "{73CD04E4-C401-4BDA-9EC0-78727D12390A}"
EndProject
Project("{8BC9CEB8-8B4A-11D0-8D11-00A0C91BC942}") = "regex_tests", "..\..\libs\regex\test\regex_tests.vcxproj", "{C7B78ECB-AA77-49CC-9DD0-144D3C5C649D}"
EndProject
Project("{8BC9CEB8-8B4A-11D0-8D11-00A0C91BC942}") = "regex_examples", "..\..\libs\regex\example\regex_examples.vcxproj", "{983847B6-9999-470F-A733-3ED64AED9108}"
EndProject
Project("{2150E333-8FDC-42A3-9474-1A3956D46DE8}") = "Thread", "Thread", "{73DAE121-B46D-41B7-A7F2-C3BF5DC69520}"
EndProject
Project("{8BC9CEB8-8B4A-11D0-8D11-00A0C91BC942}") = "thread_tutorial", "..\..\libs\thread\tutorial\thread_tutorial.vcxproj", "{928716FE-EFD6-4001-8817-FD21EA3739AF}"
EndProject
Project("{8BC9CEB8-8B4A-11D0-8D11-00A0C91BC942}") = "thread_examples", "..\..\libs\thread\example\thread_examples.vcxproj", "{D6DAA26F-A305-45BC-A04C-F5E75C3B7F91}"
EndProject
Project("{8BC9CEB8-8B4A-11D0-8D11-00A0C91BC942}") = "thread_test", "..\..\libs\thread\test\thread_test.vcxproj", "{C762B8A1-3F12-4FDF-B77E-E7FE68EC8FAF}"
EndProject
Global
	GlobalSection(SolutionConfigurationPlatforms) = preSolution
		Debug|x64 = Debug|x64
		Debug|x86 = Debug|x86
		Release|x64 = Release|x64
		Release|x86 = Release|x86
	EndGlobalSection
	GlobalSection(ProjectConfigurationPlatforms) = postSolution
		{57D2AB8B-8CBB-4B28-921E-C6916109B843}.Debug|x64.ActiveCfg = Debug|Win32
		{57D2AB8B-8CBB-4B28-921E-C6916109B843}.Debug|x86.ActiveCfg = Debug|Win32
		{57D2AB8B-8CBB-4B28-921E-C6916109B843}.Debug|x86.Build.0 = Debug|Win32
		{57D2AB8B-8CBB-4B28-921E-C6916109B843}.Release|x64.ActiveCfg = Release|Win32
		{57D2AB8B-8CBB-4B28-921E-C6916109B843}.Release|x86.ActiveCfg = Release|Win32
		{57D2AB8B-8CBB-4B28-921E-C6916109B843}.Release|x86.Build.0 = Release|Win32
		{6439AD4E-45B1-4DB4-842A-2EEF06B1768E}.Debug|x64.ActiveCfg = Debug|x64
		{6439AD4E-45B1-4DB4-842A-2EEF06B1768E}.Debug|x64.Build.0 = Debug|x64
		{6439AD4E-45B1-4DB4-842A-2EEF06B1768E}.Debug|x86.ActiveCfg = Debug|Win32
		{6439AD4E-45B1-4DB4-842A-2EEF06B1768E}.Debug|x86.Build.0 = Debug|Win32
		{6439AD4E-45B1-4DB4-842A-2EEF06B1768E}.Release|x64.ActiveCfg = Release|x64
		{6439AD4E-45B1-4DB4-842A-2EEF06B1768E}.Release|x64.Build.0 = Release|x64
		{6439AD4E-45B1-4DB4-842A-2EEF06B1768E}.Release|x86.ActiveCfg = Release|Win32
		{6439AD4E-45B1-4DB4-842A-2EEF06B1768E}.Release|x86.Build.0 = Release|Win32
		{E70326DB-58C5-44E0-89B8-6B7A300C78BE}.Debug|x64.ActiveCfg = Debug|x64
		{E70326DB-58C5-44E0-89B8-6B7A300C78BE}.Debug|x64.Build.0 = Debug|x64
		{E70326DB-58C5-44E0-89B8-6B7A300C78BE}.Debug|x86.ActiveCfg = Debug|Win32
		{E70326DB-58C5-44E0-89B8-6B7A300C78BE}.Debug|x86.Build.0 = Debug|Win32
		{E70326DB-58C5-44E0-89B8-6B7A300C78BE}.Release|x64.ActiveCfg = Release|x64
		{E70326DB-58C5-44E0-89B8-6B7A300C78BE}.Release|x64.Build.0 = Release|x64
		{E70326DB-58C5-44E0-89B8-6B7A300C78BE}.Release|x86.ActiveCfg = Release|Win32
		{E70326DB-58C5-44E0-89B8-6B7A300C78BE}.Release|x86.Build.0 = Release|Win32
		{E2A00BD5-969E-4A61-A821-C8CC1F4C670F}.Debug|x64.ActiveCfg = Debug|x64
		{E2A00BD5-969E-4A61-A821-C8CC1F4C670F}.Debug|x64.Build.0 = Debug|x64
		{E2A00BD5-969E-4A61-A821-C8CC1F4C670F}.Debug|x86.ActiveCfg = Debug|Win32
		{E2A00BD5-969E-4A61-A821-C8CC1F4C670F}.Debug|x86.Build.0 = Debug|Win32
		{E2A00BD5-969E-4A61-A821-C8CC1F4C670F}.Release|x64.ActiveCfg = Release|x64
		{E2A00BD5-969E-4A61-A821-C8CC1F4C670F}.Release|x64.Build.0 = Release|x64
		{E2A00BD5-969E-4A61-A821-C8CC1F4C670F}.Release|x86.ActiveCfg = Release|Win32
		{E2A00BD5-969E-4A61-A821-C8CC1F4C670F}.Release|x86.Build.0 = Release|Win32
		{A761611D-C971-4819-A4D0-9F985DACCB06}.Debug|x64.ActiveCfg = Debug|x64
		{A761611D-C971-4819-A4D0-9F985DACCB06}.Debug|x64.Build.0 = Debug|x64
		{A761611D-C971-4819-A4D0-9F985DACCB06}.Debug|x86.ActiveCfg = Debug|Win32
		{A761611D-C971-4819-A4D0-9F985DACCB06}.Debug|x86.Build.0 = Debug|Win32
		{A761611D-C971-4819-A4D0-9F985DACCB06}.Release|x64.ActiveCfg = Release|x64
		{A761611D-C971-4819-A4D0-9F985DACCB06}.Release|x64.Build.0 = Release|x64
		{A761611D-C971-4819-A4D0-9F985DACCB06}.Release|x86.ActiveCfg = Release|Win32
		{A761611D-C971-4819-A4D0-9F985DACCB06}.Release|x86.Build.0 = Release|Win32
		{C7B78ECB-AA77-49CC-9DD0-144D3C5C649D}.Debug|x64.ActiveCfg = Debug|x64
		{C7B78ECB-AA77-49CC-9DD0-144D3C5C649D}.Debug|x64.Build.0 = Debug|x64
		{C7B78ECB-AA77-49CC-9DD0-144D3C5C649D}.Debug|x86.ActiveCfg = Debug|Win32
		{C7B78ECB-AA77-49CC-9DD0-144D3C5C649D}.Debug|x86.Build.0 = Debug|Win32
		{C7B78ECB-AA77-49CC-9DD0-144D3C5C649D}.Release|x64.ActiveCfg = Release|x64
		{C7B78ECB-AA77-49CC-9DD0-144D3C5C649D}.Release|x64.Build.0 = Release|x64
		{C7B78ECB-AA77-49CC-9DD0-144D3C5C649D}.Release|x86.ActiveCfg = Release|Win32
		{C7B78ECB-AA77-49CC-9DD0-144D3C5C649D}.Release|x86.Build.0 = Release|Win32
		{983847B6-9999-470F-A733-3ED64AED9108}.Debug|x64.ActiveCfg = Debug|x64
		{983847B6-9999-470F-A733-3ED64AED9108}.Debug|x64.Build.0 = Debug|x64
		{983847B6-9999-470F-A733-3ED64AED9108}.Debug|x86.ActiveCfg = Debug|Win32
		{983847B6-9999-470F-A733-3ED64AED9108}.Debug|x86.Build.0 = Debug|Win32
		{983847B6-9999-470F-A733-3ED64AED9108}.Release|x64.ActiveCfg = Release|x64
		{983847B6-9999-470F-A733-3ED64AED9108}.Release|x64.Build.0 = Release|x64
		{983847B6-9999-470F-A733-3ED64AED9108}.Release|x86.ActiveCfg = Release|Win32
		{983847B6-9999-470F-A733-3ED64AED9108}.Release|x86.Build.0 = Release|Win32
		{928716FE-EFD6-4001-8817-FD21EA3739AF}.Debug|x64.ActiveCfg = Debug|x64
		{928716FE-EFD6-4001-8817-FD21EA3739AF}.Debug|x64.Build.0 = Debug|x64
		{928716FE-EFD6-4001-8817-FD21EA3739AF}.Debug|x86.ActiveCfg = Debug|Win32
		{928716FE-EFD6-4001-8817-FD21EA3739AF}.Debug|x86.Build.0 = Debug|Win32
		{928716FE-EFD6-4001-8817-FD21EA3739AF}.Release|x64.ActiveCfg = Release|x64
		{928716FE-EFD6-4001-8817-FD21EA3739AF}.Release|x64.Build.0 = Release|x64
		{928716FE-EFD6-4001-8817-FD21EA3739AF}.Release|x86.ActiveCfg = Release|Win32
		{928716FE-EFD6-4001-8817-FD21EA3739AF}.Release|x86.Build.0 = Release|Win32
		{D6DAA26F-A305-45BC-A04C-F5E75C3B7F91}.Debug|x64.ActiveCfg = Debug|x64
		{D6DAA26F-A305-45BC-A04C-F5E75C3B7F91}.Debug|x64.Build.0 = Debug|x64
		{D6DAA26F-A305-45BC-A04C-F5E75C3B7F91}.Debug|x86.ActiveCfg = Debug|Win32
		{D6DAA26F-A305-45BC-A04C-F5E75C3B7F91}.Debug|x86.Build.0 = Debug|Win32
		{D6DAA26F-A305-45BC-A04C-F5E75C3B7F91}.Release|x64.ActiveCfg = Release|x64
		{D6DAA26F-A305-45BC-A04C-F5E75C3B7F91}.Release|x64.Build.0 = Release|x64
		{D6DAA26F-A305-45BC-A04C-F5E75C3B7F91}.Release|x86.ActiveCfg = Release|Win32
		{D6DAA26F-A305-45BC-A04C-F5E75C3B7F91}.Release|x86.Build.0 = Release|Win32
		{C762B8A1-3F12-4FDF-B77E-E7FE68EC8FAF}.Debug|x64.ActiveCfg = Debug|x64
		{C762B8A1-3F12-4FDF-B77E-E7FE68EC8FAF}.Debug|x64.Build.0 = Debug|x64
		{C762B8A1-3F12-4FDF-B77E-E7FE68EC8FAF}.Debug|x86.ActiveCfg = Debug|Win32
		{C762B8A1-3F12-4FDF-B77E-E7FE68EC8FAF}.Debug|x86.Build.0 = Debug|Win32
		{C762B8A1-3F12-4FDF-B77E-E7FE68EC8FAF}.Release|x64.ActiveCfg = Release|x64
		{C762B8A1-3F12-4FDF-B77E-E7FE68EC8FAF}.Release|x64.Build.0 = Release|x64
		{C762B8A1-3F12-4FDF-B77E-E7FE68EC8FAF}.Release|x86.ActiveCfg = Release|Win32
		{C762B8A1-3F12-4FDF-B77E-E7FE68EC8FAF}.Release|x86.Build.0 = Release|Win32
	EndGlobalSection
	GlobalSection(SolutionProperties) = preSolution
		HideSolutionNode = FALSE
	EndGlobalSection
	GlobalSection(NestedProjects) = preSolution
		{57D2AB8B-8CBB-4B28-921E-C6916109B843} = {FDBF2058-FBA3-400C-84EF-5B38163CDBD6}
		{6439AD4E-45B1-4DB4-842A-2EEF06B1768E} = {EB9C2368-BA8A-4F3F-856A-DF3F8EC9A259}
		{E70326DB-58C5-44E0-89B8-6B7A300C78BE} = {EB9C2368-BA8A-4F3F-856A-DF3F8EC9A259}
		{E2A00BD5-969E-4A61-A821-C8CC1F4C670F} = {CDB585E6-D8B1-4341-A7C6-F97B06A7FB65}
		{A761611D-C971-4819-A4D0-9F985DACCB06} = {CDB585E6-D8B1-4341-A7C6-F97B06A7FB65}
		{C7B78ECB-AA77-49CC-9DD0-144D3C5C649D} = {73CD04E4-C401-4BDA-9EC0-78727D12390A}
		{983847B6-9999-470F-A733-3ED64AED9108} = {73CD04E4-C401-4BDA-9EC0-78727D12390A}
		{928716FE-EFD6-4001-8817-FD21EA3739AF} = {73DAE121-B46D-41B7-A7F2-C3BF5DC69520}
		{D6DAA26F-A305-45BC-A04C-F5E75C3B7F91} = {73DAE121-B46D-41B7-A7F2-C3BF5DC69520}
		{C762B8A1-3F12-4FDF-B77E-E7FE68EC8FAF} = {73DAE121-B46D-41B7-A7F2-C3BF5DC69520}
	EndGlobalSection
EndGlobal
