
Microsoft Visual Studio Solution File, Format Version 12.00
# Visual Studio 14
VisualStudioVersion = 14.0.25420.1
MinimumVisualStudioVersion = 10.0.40219.1
Project("{8BC9CEB8-8B4A-11D0-8D11-00A0C91BC942}") = "mecab_static", "mecab_static.vcxproj", "{95606461-38B2-46FF-86BA-47904FA80744}"
EndProject
Project("{8BC9CEB8-8B4A-11D0-8D11-00A0C91BC942}") = "mecab", "mecab.vcxproj", "{45C0B9ED-CD74-4C43-8E7F-30182070D96F}"
EndProject
Global
	GlobalSection(SolutionConfigurationPlatforms) = preSolution
		Debug|x64 = Debug|x64
		Debug|x86 = Debug|x86
		Release|x64 = Release|x64
		Release|x86 = Release|x86
	EndGlobalSection
	GlobalSection(ProjectConfigurationPlatforms) = postSolution
		{95606461-38B2-46FF-86BA-47904FA80744}.Debug|x64.ActiveCfg = Debug|x64
		{95606461-38B2-46FF-86BA-47904FA80744}.Debug|x64.Build.0 = Debug|x64
		{95606461-38B2-46FF-86BA-47904FA80744}.Debug|x86.ActiveCfg = Debug|Win32
		{95606461-38B2-46FF-86BA-47904FA80744}.Debug|x86.Build.0 = Debug|Win32
		{95606461-38B2-46FF-86BA-47904FA80744}.Release|x64.ActiveCfg = Release|x64
		{95606461-38B2-46FF-86BA-47904FA80744}.Release|x64.Build.0 = Release|x64
		{95606461-38B2-46FF-86BA-47904FA80744}.Release|x86.ActiveCfg = Release|Win32
		{95606461-38B2-46FF-86BA-47904FA80744}.Release|x86.Build.0 = Release|Win32
		{45C0B9ED-CD74-4C43-8E7F-30182070D96F}.Debug|x64.ActiveCfg = Debug|x64
		{45C0B9ED-CD74-4C43-8E7F-30182070D96F}.Debug|x64.Build.0 = Debug|x64
		{45C0B9ED-CD74-4C43-8E7F-30182070D96F}.Debug|x86.ActiveCfg = Debug|Win32
		{45C0B9ED-CD74-4C43-8E7F-30182070D96F}.Debug|x86.Build.0 = Debug|Win32
		{45C0B9ED-CD74-4C43-8E7F-30182070D96F}.Release|x64.ActiveCfg = Release|x64
		{45C0B9ED-CD74-4C43-8E7F-30182070D96F}.Release|x64.Build.0 = Release|x64
		{45C0B9ED-CD74-4C43-8E7F-30182070D96F}.Release|x86.ActiveCfg = Release|Win32
		{45C0B9ED-CD74-4C43-8E7F-30182070D96F}.Release|x86.Build.0 = Release|Win32
	EndGlobalSection
	GlobalSection(SolutionProperties) = preSolution
		HideSolutionNode = FALSE
	EndGlobalSection
EndGlobal
